
Microsoft Visual Studio Solution File, Format Version 12.00
# Visual Studio 15
VisualStudioVersion = 15.0.26124.0
MinimumVisualStudioVersion = 15.0.26124.0
Project("{2150E333-8FDC-42A3-9474-1A3956D46DE8}") = "src", "src", "{4EEA4F52-21CA-4CE2-BD09-DBD5AD224572}"
EndProject
Project("{FAE04EC0-301F-11D3-BF4B-00C04F79EFBC}") = "GradeBook", "src\GradeBook\GradeBook.csproj", "{9E494ED1-60A6-4365-99A3-FDB08293C38E}"
EndProject
Project("{2150E333-8FDC-42A3-9474-1A3956D46DE8}") = "test", "test", "{BB737461-A762-41A6-A66D-1869B7BF064F}"
EndProject
Project("{FAE04EC0-301F-11D3-BF4B-00C04F79EFBC}") = "GradeBook.Tests", "test\GradeBook.Tests\GradeBook.Tests.csproj", "{443B9388-B4CC-4639-AFE0-97A6E86B1709}"
EndProject
Global
	GlobalSection(SolutionConfigurationPlatforms) = preSolution
		Debug|Any CPU = Debug|Any CPU
		Debug|x64 = Debug|x64
		Debug|x86 = Debug|x86
		Release|Any CPU = Release|Any CPU
		Release|x64 = Release|x64
		Release|x86 = Release|x86
	EndGlobalSection
	GlobalSection(SolutionProperties) = preSolution
		HideSolutionNode = FALSE
	EndGlobalSection
	GlobalSection(ProjectConfigurationPlatforms) = postSolution
		{9E494ED1-60A6-4365-99A3-FDB08293C38E}.Debug|Any CPU.ActiveCfg = Debug|Any CPU
		{9E494ED1-60A6-4365-99A3-FDB08293C38E}.Debug|Any CPU.Build.0 = Debug|Any CPU
		{9E494ED1-60A6-4365-99A3-FDB08293C38E}.Debug|x64.ActiveCfg = Debug|Any CPU
		{9E494ED1-60A6-4365-99A3-FDB08293C38E}.Debug|x64.Build.0 = Debug|Any CPU
		{9E494ED1-60A6-4365-99A3-FDB08293C38E}.Debug|x86.ActiveCfg = Debug|Any CPU
		{9E494ED1-60A6-4365-99A3-FDB08293C38E}.Debug|x86.Build.0 = Debug|Any CPU
		{9E494ED1-60A6-4365-99A3-FDB08293C38E}.Release|Any CPU.ActiveCfg = Release|Any CPU
		{9E494ED1-60A6-4365-99A3-FDB08293C38E}.Release|Any CPU.Build.0 = Release|Any CPU
		{9E494ED1-60A6-4365-99A3-FDB08293C38E}.Release|x64.ActiveCfg = Release|Any CPU
		{9E494ED1-60A6-4365-99A3-FDB08293C38E}.Release|x64.Build.0 = Release|Any CPU
		{9E494ED1-60A6-4365-99A3-FDB08293C38E}.Release|x86.ActiveCfg = Release|Any CPU
		{9E494ED1-60A6-4365-99A3-FDB08293C38E}.Release|x86.Build.0 = Release|Any CPU
		{443B9388-B4CC-4639-AFE0-97A6E86B1709}.Debug|Any CPU.ActiveCfg = Debug|Any CPU
		{443B9388-B4CC-4639-AFE0-97A6E86B1709}.Debug|Any CPU.Build.0 = Debug|Any CPU
		{443B9388-B4CC-4639-AFE0-97A6E86B1709}.Debug|x64.ActiveCfg = Debug|Any CPU
		{443B9388-B4CC-4639-AFE0-97A6E86B1709}.Debug|x64.Build.0 = Debug|Any CPU
		{443B9388-B4CC-4639-AFE0-97A6E86B1709}.Debug|x86.ActiveCfg = Debug|Any CPU
		{443B9388-B4CC-4639-AFE0-97A6E86B1709}.Debug|x86.Build.0 = Debug|Any CPU
		{443B9388-B4CC-4639-AFE0-97A6E86B1709}.Release|Any CPU.ActiveCfg = Release|Any CPU
		{443B9388-B4CC-4639-AFE0-97A6E86B1709}.Release|Any CPU.Build.0 = Release|Any CPU
		{443B9388-B4CC-4639-AFE0-97A6E86B1709}.Release|x64.ActiveCfg = Release|Any CPU
		{443B9388-B4CC-4639-AFE0-97A6E86B1709}.Release|x64.Build.0 = Release|Any CPU
		{443B9388-B4CC-4639-AFE0-97A6E86B1709}.Release|x86.ActiveCfg = Release|Any CPU
		{443B9388-B4CC-4639-AFE0-97A6E86B1709}.Release|x86.Build.0 = Release|Any CPU
	EndGlobalSection
	GlobalSection(NestedProjects) = preSolution
		{9E494ED1-60A6-4365-99A3-FDB08293C38E} = {4EEA4F52-21CA-4CE2-BD09-DBD5AD224572}
		{443B9388-B4CC-4639-AFE0-97A6E86B1709} = {BB737461-A762-41A6-A66D-1869B7BF064F}
	EndGlobalSection
EndGlobal
